
Microsoft Visual Studio Solution File, Format Version 12.00
# Visual Studio 15
VisualStudioVersion = 15.0.27130.2036
MinimumVisualStudioVersion = 10.0.40219.1
Project("{FAE04EC0-301F-11D3-BF4B-00C04F79EFBC}") = "HashFinder", "HashFinder\HashFinder.csproj", "{BAF91330-9D79-4ABE-ACDC-D2F8E2AEAAD6}"
EndProject
Project("{FAE04EC0-301F-11D3-BF4B-00C04F79EFBC}") = "RC4", "RC4\RC4.csproj", "{0FA42E6C-F281-4DD8-96A5-DE783AB456D0}"
EndProject
Global
	GlobalSection(SolutionConfigurationPlatforms) = preSolution
		Debug|Any CPU = Debug|Any CPU
		Release|Any CPU = Release|Any CPU
	EndGlobalSection
	GlobalSection(ProjectConfigurationPlatforms) = postSolution
		{BAF91330-9D79-4ABE-ACDC-D2F8E2AEAAD6}.Debug|Any CPU.ActiveCfg = Debug|Any CPU
		{BAF91330-9D79-4ABE-ACDC-D2F8E2AEAAD6}.Debug|Any CPU.Build.0 = Debug|Any CPU
		{BAF91330-9D79-4ABE-ACDC-D2F8E2AEAAD6}.Release|Any CPU.ActiveCfg = Release|Any CPU
		{BAF91330-9D79-4ABE-ACDC-D2F8E2AEAAD6}.Release|Any CPU.Build.0 = Release|Any CPU
		{0FA42E6C-F281-4DD8-96A5-DE783AB456D0}.Debug|Any CPU.ActiveCfg = Debug|Any CPU
		{0FA42E6C-F281-4DD8-96A5-DE783AB456D0}.Debug|Any CPU.Build.0 = Debug|Any CPU
		{0FA42E6C-F281-4DD8-96A5-DE783AB456D0}.Release|Any CPU.ActiveCfg = Release|Any CPU
		{0FA42E6C-F281-4DD8-96A5-DE783AB456D0}.Release|Any CPU.Build.0 = Release|Any CPU
	EndGlobalSection
	GlobalSection(SolutionProperties) = preSolution
		HideSolutionNode = FALSE
	EndGlobalSection
	GlobalSection(ExtensibilityGlobals) = postSolution
		SolutionGuid = {D5E3F249-0590-4B62-A608-55ACBF94DDCF}
	EndGlobalSection
EndGlobal
